<?xml version="1.0" encoding="utf-8"?>
<Project ToolsVersion="4.0" xmlns="http://schemas.microsoft.com/developer/msbuild/2003">
  <ItemGroup>
    <Filter Include="Scene">
      <UniqueIdentifier>{4889deff-d9fd-42c6-8096-f9b33cc83634}</UniqueIdentifier>
    </Filter>
    <Filter Include="Scene\AnimationSample">
      <UniqueIdentifier>{d47ec467-8ccb-4011-8d90-d1a692fef4b1}</UniqueIdentifier>
    </Filter>
    <Filter Include="Scene\CameraSample">
      <UniqueIdentifier>{ebfa7a5c-e5da-41e3-be99-debeb2487932}</UniqueIdentifier>
    </Filter>
    <Filter Include="Scene\FMODSoundSample">
      <UniqueIdentifier>{2a0f39d6-8b03-424c-9c86-15b43045ce07}</UniqueIdentifier>
    </Filter>
    <Filter Include="Scene\SpriteAtlasSample">
      <UniqueIdentifier>{632ce297-e486-4709-b70c-a0e61bca053d}</UniqueIdentifier>
    </Filter>
    <Filter Include="Scene\SpriteSample">
      <UniqueIdentifier>{297d46ca-f790-47f5-954d-3d48633f1f67}</UniqueIdentifier>
    </Filter>
    <Filter Include="Scene\XMLSample">
      <UniqueIdentifier>{ff464720-f472-4487-b945-7ad81b6ea0f0}</UniqueIdentifier>
    </Filter>
    <Filter Include="Scene\NetworkSample">
      <UniqueIdentifier>{327f9d51-2e63-4ba9-90f4-d2d81f4173a5}</UniqueIdentifier>
    </Filter>
    <Filter Include="Scene\NetworkSample\PacketHandler">
      <UniqueIdentifier>{43b7adc5-241d-4e75-a172-fe3d510f38ef}</UniqueIdentifier>
    </Filter>
    <Filter Include="Scene\NetworkSample\PacketType">
      <UniqueIdentifier>{b9bfe511-caa5-4a9c-9ff9-dad06b757325}</UniqueIdentifier>
    </Filter>
    <Filter Include="Scene\NetworkSample\Player">
      <UniqueIdentifier>{2f39f06d-4a72-46ef-9ebe-9e82dd378fb4}</UniqueIdentifier>
    </Filter>
    <Filter Include="Scene\ParticleSample">
      <UniqueIdentifier>{02ffd270-ce42-477c-aa27-bdc49d44863c}</UniqueIdentifier>
    </Filter>
    <Filter Include="Scene\ZipSample">
      <UniqueIdentifier>{0f034720-040d-43c4-9aaa-290554d8dc59}</UniqueIdentifier>
    </Filter>
    <Filter Include="Scene\UISetSample">
      <UniqueIdentifier>{42aa5b00-a41c-47d2-bde5-a19e71dabd0a}</UniqueIdentifier>
    </Filter>
    <Filter Include="Scene\UISetSample\UISet">
      <UniqueIdentifier>{6e8cdf27-7c69-4e8a-b2d7-8d7b2234992e}</UniqueIdentifier>
    </Filter>
    <Filter Include="Scene\TestSample">
      <UniqueIdentifier>{b28f6088-4a45-4697-8f8a-91e780de8cf5}</UniqueIdentifier>
    </Filter>
    <Filter Include="Scene\LabelSample">
      <UniqueIdentifier>{f06158c1-795d-4582-a776-f2b658548b7c}</UniqueIdentifier>
    </Filter>
  </ItemGroup>
  <ItemGroup>
    <ClCompile Include="Main.cpp" />
    <ClCompile Include="AnimationSample.cpp">
      <Filter>Scene\AnimationSample</Filter>
    </ClCompile>
    <ClCompile Include="CameraSample.cpp">
      <Filter>Scene\CameraSample</Filter>
    </ClCompile>
    <ClCompile Include="FMODSoundSample.cpp">
      <Filter>Scene\FMODSoundSample</Filter>
    </ClCompile>
    <ClCompile Include="SpriteAtlasSample.cpp">
      <Filter>Scene\SpriteAtlasSample</Filter>
    </ClCompile>
    <ClCompile Include="SpriteSample.cpp">
      <Filter>Scene\SpriteSample</Filter>
    </ClCompile>
    <ClCompile Include="NetworkSample.cpp">
      <Filter>Scene\NetworkSample</Filter>
    </ClCompile>
    <ClCompile Include="LoginHandler.cpp">
      <Filter>Scene\NetworkSample\PacketHandler</Filter>
    </ClCompile>
    <ClCompile Include="MoveBroadcastHandler.cpp">
      <Filter>Scene\NetworkSample\PacketHandler</Filter>
    </ClCompile>
    <ClCompile Include="Player.cpp">
      <Filter>Scene\NetworkSample\Player</Filter>
    </ClCompile>
    <ClCompile Include="ParticleSample.cpp">
      <Filter>Scene\ParticleSample</Filter>
    </ClCompile>
    <ClCompile Include="XMLSample.cpp">
      <Filter>Scene\XMLSample</Filter>
    </ClCompile>
    <ClCompile Include="ZipSample.cpp">
      <Filter>Scene\ZipSample</Filter>
    </ClCompile>
    <ClCompile Include="UISetSample.cpp">
      <Filter>Scene\UISetSample</Filter>
    </ClCompile>
    <ClCompile Include="UISet.cpp">
      <Filter>Scene\UISetSample\UISet</Filter>
    </ClCompile>
    <ClCompile Include="TestSample.cpp">
      <Filter>Scene\TestSample</Filter>
    </ClCompile>
    <ClCompile Include="LabelSample.cpp">
      <Filter>Scene\LabelSample</Filter>
    </ClCompile>
  </ItemGroup>
  <ItemGroup>
    <ClInclude Include="AnimationSample.h">
      <Filter>Scene\AnimationSample</Filter>
    </ClInclude>
    <ClInclude Include="CameraSample.h">
      <Filter>Scene\CameraSample</Filter>
    </ClInclude>
    <ClInclude Include="FMODSoundSample.h">
      <Filter>Scene\FMODSoundSample</Filter>
    </ClInclude>
    <ClInclude Include="SpriteAtlasSample.h">
      <Filter>Scene\SpriteAtlasSample</Filter>
    </ClInclude>
    <ClInclude Include="SpriteSample.h">
      <Filter>Scene\SpriteSample</Filter>
    </ClInclude>
    <ClInclude Include="NetworkSample.h">
      <Filter>Scene\NetworkSample</Filter>
    </ClInclude>
    <ClInclude Include="PacketHandler.h">
      <Filter>Scene\NetworkSample\PacketHandler</Filter>
    </ClInclude>
    <ClInclude Include="PacketType.h">
      <Filter>Scene\NetworkSample\PacketType</Filter>
    </ClInclude>
    <ClInclude Include="Player.h">
      <Filter>Scene\NetworkSample\Player</Filter>
    </ClInclude>
    <ClInclude Include="ParticleSample.h">
      <Filter>Scene\ParticleSample</Filter>
    </ClInclude>
    <ClInclude Include="XMLSample.h">
      <Filter>Scene\XMLSample</Filter>
    </ClInclude>
    <ClInclude Include="ZipSample.h">
      <Filter>Scene\ZipSample</Filter>
    </ClInclude>
    <ClInclude Include="UISetSample.h">
      <Filter>Scene\UISetSample</Filter>
    </ClInclude>
    <ClInclude Include="UISet.h">
      <Filter>Scene\UISetSample\UISet</Filter>
    </ClInclude>
    <ClInclude Include="TestSample.h">
      <Filter>Scene\TestSample</Filter>
    </ClInclude>
    <ClInclude Include="LabelSample.h">
      <Filter>Scene\LabelSample</Filter>
    </ClInclude>
  </ItemGroup>
</Project>