<?xml version="1.0" encoding="utf-8"?>
<Project ToolsVersion="4.0" xmlns="http://schemas.microsoft.com/developer/msbuild/2003">
  <ItemGroup>
    <Filter Include="Framework">
      <UniqueIdentifier>{1f37ffd2-e87b-4586-8017-7917c257dc86}</UniqueIdentifier>
    </Filter>
    <Filter Include="Framework\Application">
      <UniqueIdentifier>{3eedc5be-ceac-4b43-bb3b-739a2e52630f}</UniqueIdentifier>
    </Filter>
    <Filter Include="Framework\AudioSystem">
      <UniqueIdentifier>{51f85f65-19b1-4888-9094-c10c45de9d58}</UniqueIdentifier>
    </Filter>
    <Filter Include="Framework\DataType">
      <UniqueIdentifier>{65648ba5-f458-4e90-a722-9a0f092620f7}</UniqueIdentifier>
    </Filter>
    <Filter Include="Framework\InputSystem">
      <UniqueIdentifier>{a0ff2743-f8aa-4690-8739-05dd3c819d8a}</UniqueIdentifier>
    </Filter>
    <Filter Include="Framework\Macro">
      <UniqueIdentifier>{fb7c8a14-586f-4730-afab-46842e640b4d}</UniqueIdentifier>
    </Filter>
    <Filter Include="Framework\Node">
      <UniqueIdentifier>{18cf93cd-1767-4b71-be1d-24bef893846f}</UniqueIdentifier>
    </Filter>
    <Filter Include="Framework\Renderer">
      <UniqueIdentifier>{1168af66-e86f-4083-bde4-ca7c22f0b9f6}</UniqueIdentifier>
    </Filter>
    <Filter Include="Framework\Resource">
      <UniqueIdentifier>{7c063821-c97d-4e75-867c-a3adc2382a58}</UniqueIdentifier>
    </Filter>
    <Filter Include="Framework\Scene">
      <UniqueIdentifier>{c4b05e9a-2644-4d63-afb0-f0170d11ba38}</UniqueIdentifier>
    </Filter>
    <Filter Include="Framework\DataType\Point">
      <UniqueIdentifier>{9d1d755d-009c-4e7e-a938-eab0ef6b1293}</UniqueIdentifier>
    </Filter>
    <Filter Include="Framework\DataType\Size">
      <UniqueIdentifier>{dca7f237-6652-4477-b5cf-5d8c6504a25a}</UniqueIdentifier>
    </Filter>
    <Filter Include="Framework\Resource\Texture">
      <UniqueIdentifier>{5958ceec-5bcb-4ad0-85a2-4ac712cab010}</UniqueIdentifier>
    </Filter>
    <Filter Include="Framework\Renderer\D2D">
      <UniqueIdentifier>{8b3c4275-9331-44a9-8a69-1148ef0b4ce0}</UniqueIdentifier>
    </Filter>
    <Filter Include="Framework\Node\Label">
      <UniqueIdentifier>{a8669a6a-b3ae-4bd0-aa54-95834e27ed28}</UniqueIdentifier>
    </Filter>
    <Filter Include="Framework\Node\Object">
      <UniqueIdentifier>{db4c4467-6863-4a27-82c1-4877d9c5fc84}</UniqueIdentifier>
    </Filter>
    <Filter Include="Framework\Node\Scene">
      <UniqueIdentifier>{5d93d218-84f3-47ba-a994-9fb923fef933}</UniqueIdentifier>
    </Filter>
    <Filter Include="Framework\Node\Sprite">
      <UniqueIdentifier>{b66eb4dc-2d24-4a2d-96d4-ed17e58f193f}</UniqueIdentifier>
    </Filter>
    <Filter Include="Framework\Node\Animation">
      <UniqueIdentifier>{0cbd7ab1-fb2b-4b51-8589-82088261d8db}</UniqueIdentifier>
    </Filter>
    <Filter Include="Framework\Node\SpriteAtlas">
      <UniqueIdentifier>{68b586be-40c1-4ae0-b608-6597665dfdee}</UniqueIdentifier>
    </Filter>
    <Filter Include="Framework\Node\Animation\SpriteNode">
      <UniqueIdentifier>{dc9bfbb7-1e34-42cc-a38e-b63ce72f262d}</UniqueIdentifier>
    </Filter>
    <Filter Include="Framework\Resource\Sound">
      <UniqueIdentifier>{169195cf-81e8-4e27-a0f8-e31c7b0b2fa9}</UniqueIdentifier>
    </Filter>
    <Filter Include="Framework\Resource\XML">
      <UniqueIdentifier>{4a32d1f5-069f-4899-97da-b2d7d5c0388b}</UniqueIdentifier>
    </Filter>
    <Filter Include="Library">
      <UniqueIdentifier>{c2e41c61-d42e-47a2-b457-01eec90d2f2e}</UniqueIdentifier>
    </Filter>
    <Filter Include="Library\TinyXML">
      <UniqueIdentifier>{cfb0c3ba-49e4-40be-a39c-9297bf92ead0}</UniqueIdentifier>
    </Filter>
    <Filter Include="Library\TinyXML\TinyXPath">
      <UniqueIdentifier>{e51010e0-9773-4d24-b36e-cf63354cb9cb}</UniqueIdentifier>
    </Filter>
    <Filter Include="Library\FMOD">
      <UniqueIdentifier>{5d0519c4-0ddc-4461-830f-966337729932}</UniqueIdentifier>
    </Filter>
    <Filter Include="Framework\Node\Scene\Camera">
      <UniqueIdentifier>{4225039e-7778-4b09-88ce-f1b445d5e740}</UniqueIdentifier>
    </Filter>
    <Filter Include="Framework\NetworkSystem">
      <UniqueIdentifier>{cc0300e8-a59b-4462-8ea6-21bcc3df1220}</UniqueIdentifier>
    </Filter>
    <Filter Include="Framework\NetworkSystem\CircularBuffer">
      <UniqueIdentifier>{f12e6452-4b83-4731-b482-513207d87c24}</UniqueIdentifier>
    </Filter>
    <Filter Include="Framework\NetworkSystem\PacketHeader">
      <UniqueIdentifier>{b6733f05-32e8-404a-bd4e-4b59ea609e8b}</UniqueIdentifier>
    </Filter>
    <Filter Include="Framework\NetworkSystem\BaseHandler">
      <UniqueIdentifier>{21699230-0574-4df6-8e74-43ce58d13c41}</UniqueIdentifier>
    </Filter>
  </ItemGroup>
  <ItemGroup>
    <ClCompile Include="NNApplication.cpp">
      <Filter>Framework\Application</Filter>
    </ClCompile>
    <ClCompile Include="NNAudioSystem.cpp">
      <Filter>Framework\AudioSystem</Filter>
    </ClCompile>
    <ClCompile Include="NNInputSystem.cpp">
      <Filter>Framework\InputSystem</Filter>
    </ClCompile>
    <ClCompile Include="NNSceneDirector.cpp">
      <Filter>Framework\Scene</Filter>
    </ClCompile>
    <ClCompile Include="NNResourceManager.cpp">
      <Filter>Framework\Resource</Filter>
    </ClCompile>
    <ClCompile Include="NNSize.cpp">
      <Filter>Framework\DataType\Size</Filter>
    </ClCompile>
    <ClCompile Include="NNPoint.cpp">
      <Filter>Framework\DataType\Point</Filter>
    </ClCompile>
    <ClCompile Include="NNTexture.cpp">
      <Filter>Framework\Resource\Texture</Filter>
    </ClCompile>
    <ClCompile Include="NND2DRenderer.cpp">
      <Filter>Framework\Renderer\D2D</Filter>
    </ClCompile>
    <ClCompile Include="NNLabel.cpp">
      <Filter>Framework\Node\Label</Filter>
    </ClCompile>
    <ClCompile Include="NNSprite.cpp">
      <Filter>Framework\Node\Sprite</Filter>
    </ClCompile>
    <ClCompile Include="NNObject.cpp">
      <Filter>Framework\Node\Object</Filter>
    </ClCompile>
    <ClCompile Include="NNScene.cpp">
      <Filter>Framework\Node\Scene</Filter>
    </ClCompile>
    <ClCompile Include="NNAnimation.cpp">
      <Filter>Framework\Node\Animation</Filter>
    </ClCompile>
    <ClCompile Include="NNSpriteNode.cpp">
      <Filter>Framework\Node\Animation\SpriteNode</Filter>
    </ClCompile>
    <ClCompile Include="NNSpriteAtlas.cpp">
      <Filter>Framework\Node\SpriteAtlas</Filter>
    </ClCompile>
    <ClCompile Include="NNSound.cpp">
      <Filter>Framework\Resource\Sound</Filter>
    </ClCompile>
    <ClCompile Include="NNXML.cpp">
      <Filter>Framework\Resource\XML</Filter>
    </ClCompile>
    <ClCompile Include="Library\TinyXML\tinystr.cpp">
      <Filter>Library\TinyXML</Filter>
    </ClCompile>
    <ClCompile Include="Library\TinyXML\tinyxml.cpp">
      <Filter>Library\TinyXML</Filter>
    </ClCompile>
    <ClCompile Include="Library\TinyXML\tinyxmlerror.cpp">
      <Filter>Library\TinyXML</Filter>
    </ClCompile>
    <ClCompile Include="Library\TinyXML\tinyxmlparser.cpp">
      <Filter>Library\TinyXML</Filter>
    </ClCompile>
    <ClCompile Include="Library\TinyXML\action_store.cpp">
      <Filter>Library\TinyXML\TinyXPath</Filter>
    </ClCompile>
    <ClCompile Include="Library\TinyXML\htmlutil.cpp">
      <Filter>Library\TinyXML\TinyXPath</Filter>
    </ClCompile>
    <ClCompile Include="Library\TinyXML\lex_util.cpp">
      <Filter>Library\TinyXML\TinyXPath</Filter>
    </ClCompile>
    <ClCompile Include="Library\TinyXML\node_set.cpp">
      <Filter>Library\TinyXML\TinyXPath</Filter>
    </ClCompile>
    <ClCompile Include="Library\TinyXML\tokenlist.cpp">
      <Filter>Library\TinyXML\TinyXPath</Filter>
    </ClCompile>
    <ClCompile Include="Library\TinyXML\xml_util.cpp">
      <Filter>Library\TinyXML\TinyXPath</Filter>
    </ClCompile>
    <ClCompile Include="Library\TinyXML\xpath_expression.cpp">
      <Filter>Library\TinyXML\TinyXPath</Filter>
    </ClCompile>
    <ClCompile Include="Library\TinyXML\xpath_processor.cpp">
      <Filter>Library\TinyXML\TinyXPath</Filter>
    </ClCompile>
    <ClCompile Include="Library\TinyXML\xpath_stack.cpp">
      <Filter>Library\TinyXML\TinyXPath</Filter>
    </ClCompile>
    <ClCompile Include="Library\TinyXML\xpath_static.cpp">
      <Filter>Library\TinyXML\TinyXPath</Filter>
    </ClCompile>
    <ClCompile Include="Library\TinyXML\xpath_stream.cpp">
      <Filter>Library\TinyXML\TinyXPath</Filter>
    </ClCompile>
    <ClCompile Include="Library\TinyXML\xpath_syntax.cpp">
      <Filter>Library\TinyXML\TinyXPath</Filter>
    </ClCompile>
    <ClCompile Include="NNCamera.cpp">
      <Filter>Framework\Node\Scene\Camera</Filter>
    </ClCompile>
    <ClCompile Include="NNCircularBuffer.cpp">
      <Filter>Framework\NetworkSystem\CircularBuffer</Filter>
    </ClCompile>
    <ClCompile Include="NNNetworkSystem.cpp">
      <Filter>Framework\NetworkSystem</Filter>
    </ClCompile>
  </ItemGroup>
  <ItemGroup>
    <ClInclude Include="NNApplication.h">
      <Filter>Framework\Application</Filter>
    </ClInclude>
    <ClInclude Include="NNAudioSystem.h">
      <Filter>Framework\AudioSystem</Filter>
    </ClInclude>
    <ClInclude Include="NNIncludeSet.h">
      <Filter>Framework\Macro</Filter>
    </ClInclude>
    <ClInclude Include="NNConfig.h">
      <Filter>Framework\Macro</Filter>
    </ClInclude>
    <ClInclude Include="NNLibSet.h">
      <Filter>Framework\Macro</Filter>
    </ClInclude>
    <ClInclude Include="NNInputSystem.h">
      <Filter>Framework\InputSystem</Filter>
    </ClInclude>
    <ClInclude Include="NNMacroSet.h">
      <Filter>Framework\Macro</Filter>
    </ClInclude>
    <ClInclude Include="NNSceneDirector.h">
      <Filter>Framework\Scene</Filter>
    </ClInclude>
    <ClInclude Include="NNRenderer.h">
      <Filter>Framework\Renderer</Filter>
    </ClInclude>
    <ClInclude Include="NNResourceManager.h">
      <Filter>Framework\Resource</Filter>
    </ClInclude>
    <ClInclude Include="NNSize.h">
      <Filter>Framework\DataType\Size</Filter>
    </ClInclude>
    <ClInclude Include="NNPoint.h">
      <Filter>Framework\DataType\Point</Filter>
    </ClInclude>
    <ClInclude Include="NNTexture.h">
      <Filter>Framework\Resource\Texture</Filter>
    </ClInclude>
    <ClInclude Include="NND2DRenderer.h">
      <Filter>Framework\Renderer\D2D</Filter>
    </ClInclude>
    <ClInclude Include="NNLabel.h">
      <Filter>Framework\Node\Label</Filter>
    </ClInclude>
    <ClInclude Include="NNSprite.h">
      <Filter>Framework\Node\Sprite</Filter>
    </ClInclude>
    <ClInclude Include="NNObject.h">
      <Filter>Framework\Node\Object</Filter>
    </ClInclude>
    <ClInclude Include="NNScene.h">
      <Filter>Framework\Node\Scene</Filter>
    </ClInclude>
    <ClInclude Include="NNAnimation.h">
      <Filter>Framework\Node\Animation</Filter>
    </ClInclude>
    <ClInclude Include="NNSpriteNode.h">
      <Filter>Framework\Node\Animation\SpriteNode</Filter>
    </ClInclude>
    <ClInclude Include="NNSpriteAtlas.h">
      <Filter>Framework\Node\SpriteAtlas</Filter>
    </ClInclude>
    <ClInclude Include="NNSound.h">
      <Filter>Framework\Resource\Sound</Filter>
    </ClInclude>
    <ClInclude Include="NNXML.h">
      <Filter>Framework\Resource\XML</Filter>
    </ClInclude>
    <ClInclude Include="Library\TinyXML\tinystr.h">
      <Filter>Library\TinyXML</Filter>
    </ClInclude>
    <ClInclude Include="Library\TinyXML\tinyxml.h">
      <Filter>Library\TinyXML</Filter>
    </ClInclude>
    <ClInclude Include="Library\TinyXML\action_store.h">
      <Filter>Library\TinyXML\TinyXPath</Filter>
    </ClInclude>
    <ClInclude Include="Library\TinyXML\byte_stream.h">
      <Filter>Library\TinyXML\TinyXPath</Filter>
    </ClInclude>
    <ClInclude Include="Library\TinyXML\htmlutil.h">
      <Filter>Library\TinyXML\TinyXPath</Filter>
    </ClInclude>
    <ClInclude Include="Library\TinyXML\lex_token.h">
      <Filter>Library\TinyXML\TinyXPath</Filter>
    </ClInclude>
    <ClInclude Include="Library\TinyXML\lex_util.h">
      <Filter>Library\TinyXML\TinyXPath</Filter>
    </ClInclude>
    <ClInclude Include="Library\TinyXML\node_set.h">
      <Filter>Library\TinyXML\TinyXPath</Filter>
    </ClInclude>
    <ClInclude Include="Library\TinyXML\tinyxpath_conf.h">
      <Filter>Library\TinyXML\TinyXPath</Filter>
    </ClInclude>
    <ClInclude Include="Library\TinyXML\tokenlist.h">
      <Filter>Library\TinyXML\TinyXPath</Filter>
    </ClInclude>
    <ClInclude Include="Library\TinyXML\xml_util.h">
      <Filter>Library\TinyXML\TinyXPath</Filter>
    </ClInclude>
    <ClInclude Include="Library\TinyXML\xpath_expression.h">
      <Filter>Library\TinyXML\TinyXPath</Filter>
    </ClInclude>
    <ClInclude Include="Library\TinyXML\xpath_processor.h">
      <Filter>Library\TinyXML\TinyXPath</Filter>
    </ClInclude>
    <ClInclude Include="Library\TinyXML\xpath_stack.h">
      <Filter>Library\TinyXML\TinyXPath</Filter>
    </ClInclude>
    <ClInclude Include="Library\TinyXML\xpath_static.h">
      <Filter>Library\TinyXML\TinyXPath</Filter>
    </ClInclude>
    <ClInclude Include="Library\TinyXML\xpath_stream.h">
      <Filter>Library\TinyXML\TinyXPath</Filter>
    </ClInclude>
    <ClInclude Include="Library\TinyXML\xpath_syntax.h">
      <Filter>Library\TinyXML\TinyXPath</Filter>
    </ClInclude>
    <ClInclude Include="Library\FMOD\inc\fmod.h">
      <Filter>Library\FMOD</Filter>
    </ClInclude>
    <ClInclude Include="Library\FMOD\inc\fmod.hpp">
      <Filter>Library\FMOD</Filter>
    </ClInclude>
    <ClInclude Include="Library\FMOD\inc\fmod_codec.h">
      <Filter>Library\FMOD</Filter>
    </ClInclude>
    <ClInclude Include="Library\FMOD\inc\fmod_common.h">
      <Filter>Library\FMOD</Filter>
    </ClInclude>
    <ClInclude Include="Library\FMOD\inc\fmod_dsp.h">
      <Filter>Library\FMOD</Filter>
    </ClInclude>
    <ClInclude Include="Library\FMOD\inc\fmod_errors.h">
      <Filter>Library\FMOD</Filter>
    </ClInclude>
    <ClInclude Include="Library\FMOD\inc\fmod_output.h">
      <Filter>Library\FMOD</Filter>
    </ClInclude>
    <ClInclude Include="NNCamera.h">
      <Filter>Framework\Node\Scene\Camera</Filter>
    </ClInclude>
    <ClInclude Include="NNCircularBuffer.h">
      <Filter>Framework\NetworkSystem\CircularBuffer</Filter>
    </ClInclude>
    <ClInclude Include="NNPacketHeader.h">
      <Filter>Framework\NetworkSystem\PacketHeader</Filter>
    </ClInclude>
    <ClInclude Include="NNNetworkSystem.h">
      <Filter>Framework\NetworkSystem</Filter>
    </ClInclude>
    <ClInclude Include="NNBaseHandler.h">
      <Filter>Framework\NetworkSystem\BaseHandler</Filter>
    </ClInclude>
  </ItemGroup>
</Project>